
Microsoft Visual Studio Solution File, Format Version 12.00
# Visual Studio Version 17
VisualStudioVersion = 17.5.33424.131
MinimumVisualStudioVersion = 10.0.40219.1
Project("{9A19103F-16F7-4668-BE54-9A1E7A4F7556}") = "XLSXWork", "XLSXWork\XLSXWork.csproj", "{E243DCFE-2982-471C-9D35-BBB5973B4150}"
EndProject
Project("{9A19103F-16F7-4668-BE54-9A1E7A4F7556}") = "SecondProject", "SecondProject\SecondProject.csproj", "{4A81FCCE-92B7-4925-94E4-F088F1430945}"
EndProject
Project("{9A19103F-16F7-4668-BE54-9A1E7A4F7556}") = "ThirdLesson", "ThirdLesson\ThirdLesson.csproj", "{57F6B3F9-257B-414B-9DCA-1CC72A66B300}"
EndProject
Project("{9A19103F-16F7-4668-BE54-9A1E7A4F7556}") = "TableOperations_WinForms", "TableOperations_WinForms\TableOperations_WinForms.csproj", "{EBC1B9B1-1ED5-4A53-A02F-FFA8E192A9CD}"
EndProject
Project("{9A19103F-16F7-4668-BE54-9A1E7A4F7556}") = "TableOperations", "TableOperations\TableOperations.csproj", "{04D28590-AEE7-4C4F-89D5-90F06E30C7B1}"
EndProject
Project("{9A19103F-16F7-4668-BE54-9A1E7A4F7556}") = "DGW_Practice_1", "DGW_Practice_1\DGW_Practice_1.csproj", "{9577D0B1-7E88-4E9D-BE15-36A07127C704}"
EndProject
Project("{9A19103F-16F7-4668-BE54-9A1E7A4F7556}") = "DGV_DataSource", "DGV_DataSource\DGV_DataSource.csproj", "{3F3788C3-07EA-4732-B45C-35FA41AF6BA8}"
EndProject
Project("{9A19103F-16F7-4668-BE54-9A1E7A4F7556}") = "DGV_Excel_Operations", "DGV_Excel_Operations\DGV_Excel_Operations.csproj", "{06F5630F-69FE-4E07-988B-8B8788ACBF2C}"
EndProject
Project("{9A19103F-16F7-4668-BE54-9A1E7A4F7556}") = "CSV_Operator", "CSV_Operator\CSV_Operator.csproj", "{3E7325E5-1BBF-49A1-8B6A-8F685B47E6E9}"
EndProject
Project("{9A19103F-16F7-4668-BE54-9A1E7A4F7556}") = "CSV_WinForms", "CSV_WinForms\CSV_WinForms.csproj", "{3DFA7432-9606-47F4-B8BF-BE24D746559D}"
EndProject
Project("{FAE04EC0-301F-11D3-BF4B-00C04F79EFBC}") = "XMLFilesProject", "XMLFilesProject\XMLFilesProject.csproj", "{DE5CAB62-E8DE-4676-BAFF-2A03C1DC2F4F}"
EndProject
Global
	GlobalSection(SolutionConfigurationPlatforms) = preSolution
		Debug|Any CPU = Debug|Any CPU
		Release|Any CPU = Release|Any CPU
	EndGlobalSection
	GlobalSection(ProjectConfigurationPlatforms) = postSolution
		{E243DCFE-2982-471C-9D35-BBB5973B4150}.Debug|Any CPU.ActiveCfg = Debug|Any CPU
		{E243DCFE-2982-471C-9D35-BBB5973B4150}.Debug|Any CPU.Build.0 = Debug|Any CPU
		{E243DCFE-2982-471C-9D35-BBB5973B4150}.Release|Any CPU.ActiveCfg = Release|Any CPU
		{E243DCFE-2982-471C-9D35-BBB5973B4150}.Release|Any CPU.Build.0 = Release|Any CPU
		{4A81FCCE-92B7-4925-94E4-F088F1430945}.Debug|Any CPU.ActiveCfg = Debug|Any CPU
		{4A81FCCE-92B7-4925-94E4-F088F1430945}.Debug|Any CPU.Build.0 = Debug|Any CPU
		{4A81FCCE-92B7-4925-94E4-F088F1430945}.Release|Any CPU.ActiveCfg = Release|Any CPU
		{4A81FCCE-92B7-4925-94E4-F088F1430945}.Release|Any CPU.Build.0 = Release|Any CPU
		{57F6B3F9-257B-414B-9DCA-1CC72A66B300}.Debug|Any CPU.ActiveCfg = Debug|Any CPU
		{57F6B3F9-257B-414B-9DCA-1CC72A66B300}.Debug|Any CPU.Build.0 = Debug|Any CPU
		{57F6B3F9-257B-414B-9DCA-1CC72A66B300}.Release|Any CPU.ActiveCfg = Release|Any CPU
		{57F6B3F9-257B-414B-9DCA-1CC72A66B300}.Release|Any CPU.Build.0 = Release|Any CPU
		{EBC1B9B1-1ED5-4A53-A02F-FFA8E192A9CD}.Debug|Any CPU.ActiveCfg = Debug|Any CPU
		{EBC1B9B1-1ED5-4A53-A02F-FFA8E192A9CD}.Debug|Any CPU.Build.0 = Debug|Any CPU
		{EBC1B9B1-1ED5-4A53-A02F-FFA8E192A9CD}.Release|Any CPU.ActiveCfg = Release|Any CPU
		{EBC1B9B1-1ED5-4A53-A02F-FFA8E192A9CD}.Release|Any CPU.Build.0 = Release|Any CPU
		{04D28590-AEE7-4C4F-89D5-90F06E30C7B1}.Debug|Any CPU.ActiveCfg = Debug|Any CPU
		{04D28590-AEE7-4C4F-89D5-90F06E30C7B1}.Debug|Any CPU.Build.0 = Debug|Any CPU
		{04D28590-AEE7-4C4F-89D5-90F06E30C7B1}.Release|Any CPU.ActiveCfg = Release|Any CPU
		{04D28590-AEE7-4C4F-89D5-90F06E30C7B1}.Release|Any CPU.Build.0 = Release|Any CPU
		{9577D0B1-7E88-4E9D-BE15-36A07127C704}.Debug|Any CPU.ActiveCfg = Debug|Any CPU
		{9577D0B1-7E88-4E9D-BE15-36A07127C704}.Debug|Any CPU.Build.0 = Debug|Any CPU
		{9577D0B1-7E88-4E9D-BE15-36A07127C704}.Release|Any CPU.ActiveCfg = Release|Any CPU
		{9577D0B1-7E88-4E9D-BE15-36A07127C704}.Release|Any CPU.Build.0 = Release|Any CPU
		{3F3788C3-07EA-4732-B45C-35FA41AF6BA8}.Debug|Any CPU.ActiveCfg = Debug|Any CPU
		{3F3788C3-07EA-4732-B45C-35FA41AF6BA8}.Debug|Any CPU.Build.0 = Debug|Any CPU
		{3F3788C3-07EA-4732-B45C-35FA41AF6BA8}.Release|Any CPU.ActiveCfg = Release|Any CPU
		{3F3788C3-07EA-4732-B45C-35FA41AF6BA8}.Release|Any CPU.Build.0 = Release|Any CPU
		{06F5630F-69FE-4E07-988B-8B8788ACBF2C}.Debug|Any CPU.ActiveCfg = Debug|Any CPU
		{06F5630F-69FE-4E07-988B-8B8788ACBF2C}.Debug|Any CPU.Build.0 = Debug|Any CPU
		{06F5630F-69FE-4E07-988B-8B8788ACBF2C}.Release|Any CPU.ActiveCfg = Release|Any CPU
		{06F5630F-69FE-4E07-988B-8B8788ACBF2C}.Release|Any CPU.Build.0 = Release|Any CPU
		{3E7325E5-1BBF-49A1-8B6A-8F685B47E6E9}.Debug|Any CPU.ActiveCfg = Debug|Any CPU
		{3E7325E5-1BBF-49A1-8B6A-8F685B47E6E9}.Debug|Any CPU.Build.0 = Debug|Any CPU
		{3E7325E5-1BBF-49A1-8B6A-8F685B47E6E9}.Release|Any CPU.ActiveCfg = Release|Any CPU
		{3E7325E5-1BBF-49A1-8B6A-8F685B47E6E9}.Release|Any CPU.Build.0 = Release|Any CPU
		{3DFA7432-9606-47F4-B8BF-BE24D746559D}.Debug|Any CPU.ActiveCfg = Debug|Any CPU
		{3DFA7432-9606-47F4-B8BF-BE24D746559D}.Debug|Any CPU.Build.0 = Debug|Any CPU
		{3DFA7432-9606-47F4-B8BF-BE24D746559D}.Release|Any CPU.ActiveCfg = Release|Any CPU
		{3DFA7432-9606-47F4-B8BF-BE24D746559D}.Release|Any CPU.Build.0 = Release|Any CPU
		{DE5CAB62-E8DE-4676-BAFF-2A03C1DC2F4F}.Debug|Any CPU.ActiveCfg = Debug|Any CPU
		{DE5CAB62-E8DE-4676-BAFF-2A03C1DC2F4F}.Debug|Any CPU.Build.0 = Debug|Any CPU
		{DE5CAB62-E8DE-4676-BAFF-2A03C1DC2F4F}.Release|Any CPU.ActiveCfg = Release|Any CPU
		{DE5CAB62-E8DE-4676-BAFF-2A03C1DC2F4F}.Release|Any CPU.Build.0 = Release|Any CPU
	EndGlobalSection
	GlobalSection(SolutionProperties) = preSolution
		HideSolutionNode = FALSE
	EndGlobalSection
	GlobalSection(ExtensibilityGlobals) = postSolution
		SolutionGuid = {8739C6BA-70B1-4324-91FC-064B93AB6927}
	EndGlobalSection
EndGlobal
